
Microsoft Visual Studio Solution File, Format Version 12.00
# Visual Studio 15
VisualStudioVersion = 15.0.27130.2010
MinimumVisualStudioVersion = 10.0.40219.1
Project("{FAE04EC0-301F-11D3-BF4B-00C04F79EFBC}") = "Taller1", "..\..\..\Visual Studio 2017\Projects\Taller1\Taller1\Taller1.csproj", "{CC0FE3AD-E11F-4B1F-8D82-A97A4D32A2B1}"
EndProject
Global
	GlobalSection(SolutionConfigurationPlatforms) = preSolution
		Debug|Any CPU = Debug|Any CPU
		Release|Any CPU = Release|Any CPU
	EndGlobalSection
	GlobalSection(ProjectConfigurationPlatforms) = postSolution
		{CC0FE3AD-E11F-4B1F-8D82-A97A4D32A2B1}.Debug|Any CPU.ActiveCfg = Debug|Any CPU
		{CC0FE3AD-E11F-4B1F-8D82-A97A4D32A2B1}.Debug|Any CPU.Build.0 = Debug|Any CPU
		{CC0FE3AD-E11F-4B1F-8D82-A97A4D32A2B1}.Release|Any CPU.ActiveCfg = Release|Any CPU
		{CC0FE3AD-E11F-4B1F-8D82-A97A4D32A2B1}.Release|Any CPU.Build.0 = Release|Any CPU
	EndGlobalSection
	GlobalSection(SolutionProperties) = preSolution
		HideSolutionNode = FALSE
	EndGlobalSection
	GlobalSection(ExtensibilityGlobals) = postSolution
		SolutionGuid = {F3FAD1AF-185C-48E8-9AFF-387DC55CF8C3}
	EndGlobalSection
EndGlobal
